// !$*UTF8*$!
{
	archiveVersion = 1;
	classes = {
	};
	objectVersion = 50;
	objects = {

/* Begin PBXBuildFile section */
		60257A0C2621F94000F15ADF /* AppDelegate.swift in Sources */ = {isa = PBXBuildFile; fileRef = 60257A0B2621F94000F15ADF /* AppDelegate.swift */; };
		60257A0E2621F94000F15ADF /* SceneDelegate.swift in Sources */ = {isa = PBXBuildFile; fileRef = 60257A0D2621F94000F15ADF /* SceneDelegate.swift */; };
		60257A102621F94000F15ADF /* ContentView.swift in Sources */ = {isa = PBXBuildFile; fileRef = 60257A0F2621F94000F15ADF /* ContentView.swift */; };
		60257A122621F94100F15ADF /* Assets.xcassets in Resources */ = {isa = PBXBuildFile; fileRef = 60257A112621F94100F15ADF /* Assets.xcassets */; };
		60257A152621F94100F15ADF /* Preview Assets.xcassets in Resources */ = {isa = PBXBuildFile; fileRef = 60257A142621F94100F15ADF /* Preview Assets.xcassets */; };
		60257A182621F94100F15ADF /* LaunchScreen.storyboard in Resources */ = {isa = PBXBuildFile; fileRef = 60257A162621F94100F15ADF /* LaunchScreen.storyboard */; };
/* End PBXBuildFile section */

/* Begin PBXFileReference section */
		60257A082621F94000F15ADF /* SwiftUISleepWell.app */ = {isa = PBXFileReference; explicitFileType = wrapper.application; includeInIndex = 0; path = SwiftUISleepWell.app; sourceTree = BUILT_PRODUCTS_DIR; };
		60257A0B2621F94000F15ADF /* AppDelegate.swift */ = {isa = PBXFileReference; lastKnownFileType = sourcecode.swift; path = AppDelegate.swift; sourceTree = "<group>"; };
		60257A0D2621F94000F15ADF /* SceneDelegate.swift */ = {isa = PBXFileReference; lastKnownFileType = sourcecode.swift; path = SceneDelegate.swift; sourceTree = "<group>"; };
		60257A0F2621F94000F15ADF /* ContentView.swift */ = {isa = PBXFileReference; lastKnownFileType = sourcecode.swift; path = ContentView.swift; sourceTree = "<group>"; };
		60257A112621F94100F15ADF /* Assets.xcassets */ = {isa = PBXFileReference; lastKnownFileType = folder.assetcatalog; path = Assets.xcassets; sourceTree = "<group>"; };
		60257A142621F94100F15ADF /* Preview Assets.xcassets */ = {isa = PBXFileReference; lastKnownFileType = folder.assetcatalog; path = "Preview Assets.xcassets"; sourceTree = "<group>"; };
		60257A172621F94100F15ADF /* Base */ = {isa = PBXFileReference; lastKnownFileType = file.storyboard; name = Base; path = Base.lproj/LaunchScreen.storyboard; sourceTree = "<group>"; };
		60257A192621F94100F15ADF /* Info.plist */ = {isa = PBXFileReference; lastKnownFileType = text.plist.xml; path = Info.plist; sourceTree = "<group>"; };
/* End PBXFileReference section */

/* Begin PBXFrameworksBuildPhase section */
		60257A052621F94000F15ADF /* Frameworks */ = {
			isa = PBXFrameworksBuildPhase;
			buildActionMask = 2147483647;
			files = (
			);
			runOnlyForDeploymentPostprocessing = 0;
		};
/* End PBXFrameworksBuildPhase section */

/* Begin PBXGroup section */
		602579FF2621F94000F15ADF = {
			isa = PBXGroup;
			children = (
				60257A0A2621F94000F15ADF /* SwiftUISleepWell */,
				60257A092621F94000F15ADF /* Products */,
			);
			sourceTree = "<group>";
		};
		60257A092621F94000F15ADF /* Products */ = {
			isa = PBXGroup;
			children = (
				60257A082621F94000F15ADF /* SwiftUISleepWell.app */,
			);
			name = Products;
			sourceTree = "<group>";
		};
		60257A0A2621F94000F15ADF /* SwiftUISleepWell */ = {
			isa = PBXGroup;
			children = (
				60257A0B2621F94000F15ADF /* AppDelegate.swift */,
				60257A0D2621F94000F15ADF /* SceneDelegate.swift */,
				60257A0F2621F94000F15ADF /* ContentView.swift */,
				60257A112621F94100F15ADF /* Assets.xcassets */,
				60257A162621F94100F15ADF /* LaunchScreen.storyboard */,
				60257A192621F94100F15ADF /* Info.plist */,
				60257A132621F94100F15ADF /* Preview Content */,
			);
			path = SwiftUISleepWell;
			sourceTree = "<group>";
		};
		60257A132621F94100F15ADF /* Preview Content */ = {
			isa = PBXGroup;
			children = (
				60257A142621F94100F15ADF /* Preview Assets.xcassets */,
			);
			path = "Preview Content";
			sourceTree = "<group>";
		};
/* End PBXGroup section */

/* Begin PBXNativeTarget section */
		60257A072621F94000F15ADF /* SwiftUISleepWell */ = {
			isa = PBXNativeTarget;
			buildConfigurationList = 60257A1C2621F94100F15ADF /* Build configuration list for PBXNativeTarget "SwiftUISleepWell" */;
			buildPhases = (
				60257A042621F94000F15ADF /* Sources */,
				60257A052621F94000F15ADF /* Frameworks */,
				60257A062621F94000F15ADF /* Resources */,
			);
			buildRules = (
			);
			dependencies = (
			);
			name = SwiftUISleepWell;
			productName = SwiftUISleepWell;
			productReference = 60257A082621F94000F15ADF /* SwiftUISleepWell.app */;
			productType = "com.apple.product-type.application";
		};
/* End PBXNativeTarget section */

/* Begin PBXProject section */
		60257A002621F94000F15ADF /* Project object */ = {
			isa = PBXProject;
			attributes = {
				LastSwiftUpdateCheck = 1240;
				LastUpgradeCheck = 1240;
				TargetAttributes = {
					60257A072621F94000F15ADF = {
						CreatedOnToolsVersion = 12.4;
					};
				};
			};
			buildConfigurationList = 60257A032621F94000F15ADF /* Build configuration list for PBXProject "SwiftUISleepWell" */;
			compatibilityVersion = "Xcode 9.3";
			developmentRegion = en;
			hasScannedForEncodings = 0;
			knownRegions = (
				en,
				Base,
			);
			mainGroup = 602579FF2621F94000F15ADF;
			productRefGroup = 60257A092621F94000F15ADF /* Products */;
			projectDirPath = "";
			projectRoot = "";
			targets = (
				60257A072621F94000F15ADF /* SwiftUISleepWell */,
			);
		};
/* End PBXProject section */

/* Begin PBXResourcesBuildPhase section */
		60257A062621F94000F15ADF /* Resources */ = {
			isa = PBXResourcesBuildPhase;
			buildActionMask = 2147483647;
			files = (
				60257A182621F94100F15ADF /* LaunchScreen.storyboard in Resources */,
				60257A152621F94100F15ADF /* Preview Assets.xcassets in Resources */,
				60257A122621F94100F15ADF /* Assets.xcassets in Resources */,
			);
			runOnlyForDeploymentPostprocessing = 0;
		};
/* End PBXResourcesBuildPhase section */

/* Begin PBXSourcesBuildPhase section */
		60257A042621F94000F15ADF /* Sources */ = {
			isa = PBXSourcesBuildPhase;
			buildActionMask = 2147483647;
			files = (
				60257A0C2621F94000F15ADF /* AppDelegate.swift in Sources */,
				60257A0E2621F94000F15ADF /* SceneDelegate.swift in Sources */,
				60257A102621F94000F15ADF /* ContentView.swift in Sources */,
			);
			runOnlyForDeploymentPostprocessing = 0;
		};
/* End PBXSourcesBuildPhase section */

/* Begin PBXVariantGroup section */
		60257A162621F94100F15ADF /* LaunchScreen.storyboard */ = {
			isa = PBXVariantGroup;
			children = (
				60257A172621F94100F15ADF /* Base */,
			);
			name = LaunchScreen.storyboard;
			sourceTree = "<group>";
		};
/* End PBXVariantGroup section */

/* Begin XCBuildConfiguration section */
		60257A1A2621F94100F15ADF /* Debug */ = {
			isa = XCBuildConfiguration;
			buildSettings = {
				ALWAYS_SEARCH_USER_PATHS = NO;
				CLANG_ANALYZER_NONNULL = YES;
				CLANG_ANALYZER_NUMBER_OBJECT_CONVERSION = YES_AGGRESSIVE;
				CLANG_CXX_LANGUAGE_STANDARD = "gnu++14";
				CLANG_CXX_LIBRARY = "libc++";
				CLANG_ENABLE_MODULES = YES;
				CLANG_ENABLE_OBJC_ARC = YES;
				CLANG_ENABLE_OBJC_WEAK = YES;
				CLANG_WARN_BLOCK_CAPTURE_AUTORELEASING = YES;
				CLANG_WARN_BOOL_CONVERSION = YES;
				CLANG_WARN_COMMA = YES;
				CLANG_WARN_CONSTANT_CONVERSION = YES;
				CLANG_WARN_DEPRECATED_OBJC_IMPLEMENTATIONS = YES;
				CLANG_WARN_DIRECT_OBJC_ISA_USAGE = YES_ERROR;
				CLANG_WARN_DOCUMENTATION_COMMENTS = YES;
				CLANG_WARN_EMPTY_BODY = YES;
				CLANG_WARN_ENUM_CONVERSION = YES;
				CLANG_WARN_INFINITE_RECURSION = YES;
				CLANG_WARN_INT_CONVERSION = YES;
				CLANG_WARN_NON_LITERAL_NULL_CONVERSION = YES;
				CLANG_WARN_OBJC_IMPLICIT_RETAIN_SELF = YES;
				CLANG_WARN_OBJC_LITERAL_CONVERSION = YES;
				CLANG_WARN_OBJC_ROOT_CLASS = YES_ERROR;
				CLANG_WARN_QUOTED_INCLUDE_IN_FRAMEWORK_HEADER = YES;
				CLANG_WARN_RANGE_LOOP_ANALYSIS = YES;
				CLANG_WARN_STRICT_PROTOTYPES = YES;
				CLANG_WARN_SUSPICIOUS_MOVE = YES;
				CLANG_WARN_UNGUARDED_AVAILABILITY = YES_AGGRESSIVE;
				CLANG_WARN_UNREACHABLE_CODE = YES;
				CLANG_WARN__DUPLICATE_METHOD_MATCH = YES;
				COPY_PHASE_STRIP = NO;
				DEBUG_INFORMATION_FORMAT = dwarf;
				ENABLE_STRICT_OBJC_MSGSEND = YES;
				ENABLE_TESTABILITY = YES;
				GCC_C_LANGUAGE_STANDARD = gnu11;
				GCC_DYNAMIC_NO_PIC = NO;
				GCC_NO_COMMON_BLOCKS = YES;
				GCC_OPTIMIZATION_LEVEL = 0;
				GCC_PREPROCESSOR_DEFINITIONS = (
					"DEBUG=1",
					"$(inherited)",
				);
				GCC_WARN_64_TO_32_BIT_CONVERSION = YES;
				GCC_WARN_ABOUT_RETURN_TYPE = YES_ERROR;
				GCC_WARN_UNDECLARED_SELECTOR = YES;
				GCC_WARN_UNINITIALIZED_AUTOS = YES_AGGRESSIVE;
				GCC_WARN_UNUSED_FUNCTION = YES;
				GCC_WARN_UNUSED_VARIABLE = YES;
				IPHONEOS_DEPLOYMENT_TARGET = 14.4;
				MTL_ENABLE_DEBUG_INFO = INCLUDE_SOURCE;
				MTL_FAST_MATH = YES;
				ONLY_ACTIVE_ARCH = YES;
				SDKROOT = iphoneos;
				SWIFT_ACTIVE_COMPILATION_CONDITIONS = DEBUG;
				SWIFT_OPTIMIZATION_LEVEL = "-Onone";
			};
			name = Debug;
		};
		60257A1B2621F94100F15ADF /* Release */ = {
			isa = XCBuildConfiguration;
			buildSettings = {
				ALWAYS_SEARCH_USER_PATHS = NO;
				CLANG_ANALYZER_NONNULL = YES;
				CLANG_ANALYZER_NUMBER_OBJECT_CONVERSION = YES_AGGRESSIVE;
				CLANG_CXX_LANGUAGE_STANDARD = "gnu++14";
				CLANG_CXX_LIBRARY = "libc++";
				CLANG_ENABLE_MODULES = YES;
				CLANG_ENABLE_OBJC_ARC = YES;
				CLANG_ENABLE_OBJC_WEAK = YES;
				CLANG_WARN_BLOCK_CAPTURE_AUTORELEASING = YES;
				CLANG_WARN_BOOL_CONVERSION = YES;
				CLANG_WARN_COMMA = YES;
				CLANG_WARN_CONSTANT_CONVERSION = YES;
				CLANG_WARN_DEPRECATED_OBJC_IMPLEMENTATIONS = YES;
				CLANG_WARN_DIRECT_OBJC_ISA_USAGE = YES_ERROR;
				CLANG_WARN_DOCUMENTATION_COMMENTS = YES;
				CLANG_WARN_EMPTY_BODY = YES;
				CLANG_WARN_ENUM_CONVERSION = YES;
				CLANG_WARN_INFINITE_RECURSION = YES;
				CLANG_WARN_INT_CONVERSION = YES;
				CLANG_WARN_NON_LITERAL_NULL_CONVERSION = YES;
				CLANG_WARN_OBJC_IMPLICIT_RETAIN_SELF = YES;
				CLANG_WARN_OBJC_LITERAL_CONVERSION = YES;
				CLANG_WARN_OBJC_ROOT_CLASS = YES_ERROR;
				CLANG_WARN_QUOTED_INCLUDE_IN_FRAMEWORK_HEADER = YES;
				CLANG_WARN_RANGE_LOOP_ANALYSIS = YES;
				CLANG_WARN_STRICT_PROTOTYPES = YES;
				CLANG_WARN_SUSPICIOUS_MOVE = YES;
				CLANG_WARN_UNGUARDED_AVAILABILITY = YES_AGGRESSIVE;
				CLANG_WARN_UNREACHABLE_CODE = YES;
				CLANG_WARN__DUPLICATE_METHOD_MATCH = YES;
				COPY_PHASE_STRIP = NO;
				DEBUG_INFORMATION_FORMAT = "dwarf-with-dsym";
				ENABLE_NS_ASSERTIONS = NO;
				ENABLE_STRICT_OBJC_MSGSEND = YES;
				GCC_C_LANGUAGE_STANDARD = gnu11;
				GCC_NO_COMMON_BLOCKS = YES;
				GCC_WARN_64_TO_32_BIT_CONVERSION = YES;
				GCC_WARN_ABOUT_RETURN_TYPE = YES_ERROR;
				GCC_WARN_UNDECLARED_SELECTOR = YES;
				GCC_WARN_UNINITIALIZED_AUTOS = YES_AGGRESSIVE;
				GCC_WARN_UNUSED_FUNCTION = YES;
				GCC_WARN_UNUSED_VARIABLE = YES;
				IPHONEOS_DEPLOYMENT_TARGET = 14.4;
				MTL_ENABLE_DEBUG_INFO = NO;
				MTL_FAST_MATH = YES;
				SDKROOT = iphoneos;
				SWIFT_COMPILATION_MODE = wholemodule;
				SWIFT_OPTIMIZATION_LEVEL = "-O";
				VALIDATE_PRODUCT = YES;
			};
			name = Release;
		};
		60257A1D2621F94100F15ADF /* Debug */ = {
			isa = XCBuildConfiguration;
			buildSettings = {
				ASSETCATALOG_COMPILER_APPICON_NAME = AppIcon;
				ASSETCATALOG_COMPILER_GLOBAL_ACCENT_COLOR_NAME = AccentColor;
				CODE_SIGN_STYLE = Automatic;
				DEVELOPMENT_ASSET_PATHS = "\"SwiftUISleepWell/Preview Content\"";
				DEVELOPMENT_TEAM = ZA2QQ4388D;
				ENABLE_PREVIEWS = YES;
				INFOPLIST_FILE = SwiftUISleepWell/Info.plist;
				LD_RUNPATH_SEARCH_PATHS = (
					"$(inherited)",
					"@executable_path/Frameworks",
				);
				PRODUCT_BUNDLE_IDENTIFIER = Arunika.SwiftUISleepWell;
				PRODUCT_NAME = "$(TARGET_NAME)";
				SWIFT_VERSION = 5.0;
				TARGETED_DEVICE_FAMILY = 1;
			};
			name = Debug;
		};
		60257A1E2621F94100F15ADF /* Release */ = {
			isa = XCBuildConfiguration;
			buildSettings = {
				ASSETCATALOG_COMPILER_APPICON_NAME = AppIcon;
				ASSETCATALOG_COMPILER_GLOBAL_ACCENT_COLOR_NAME = AccentColor;
				CODE_SIGN_STYLE = Automatic;
				DEVELOPMENT_ASSET_PATHS = "\"SwiftUISleepWell/Preview Content\"";
				DEVELOPMENT_TEAM = ZA2QQ4388D;
				ENABLE_PREVIEWS = YES;
				INFOPLIST_FILE = SwiftUISleepWell/Info.plist;
				LD_RUNPATH_SEARCH_PATHS = (
					"$(inherited)",
					"@executable_path/Frameworks",
				);
				PRODUCT_BUNDLE_IDENTIFIER = Arunika.SwiftUISleepWell;
				PRODUCT_NAME = "$(TARGET_NAME)";
				SWIFT_VERSION = 5.0;
				TARGETED_DEVICE_FAMILY = 1;
			};
			name = Release;
		};
/* End XCBuildConfiguration section */

/* Begin XCConfigurationList section */
		60257A032621F94000F15ADF /* Build configuration list for PBXProject "SwiftUISleepWell" */ = {
			isa = XCConfigurationList;
			buildConfigurations = (
				60257A1A2621F94100F15ADF /* Debug */,
				60257A1B2621F94100F15ADF /* Release */,
			);
			defaultConfigurationIsVisible = 0;
			defaultConfigurationName = Release;
		};
		60257A1C2621F94100F15ADF /* Build configuration list for PBXNativeTarget "SwiftUISleepWell" */ = {
			isa = XCConfigurationList;
			buildConfigurations = (
				60257A1D2621F94100F15ADF /* Debug */,
				60257A1E2621F94100F15ADF /* Release */,
			);
			defaultConfigurationIsVisible = 0;
			defaultConfigurationName = Release;
		};
/* End XCConfigurationList section */
	};
	rootObject = 60257A002621F94000F15ADF /* Project object */;
}
